// !$*UTF8*$!
{
	archiveVersion = 1;
	classes = {
	};
	objectVersion = 50;
	objects = {

/* Begin PBXBuildFile section */
		864320362910134C00BB2255 /* AppDelegate.swift in Sources */ = {isa = PBXBuildFile; fileRef = 864320352910134C00BB2255 /* AppDelegate.swift */; };
		864320382910134C00BB2255 /* ViewController.swift in Sources */ = {isa = PBXBuildFile; fileRef = 864320372910134C00BB2255 /* ViewController.swift */; };
		8643203B2910134C00BB2255 /* Main.storyboard in Resources */ = {isa = PBXBuildFile; fileRef = 864320392910134C00BB2255 /* Main.storyboard */; };
		8643203D2910135300BB2255 /* Assets.xcassets in Resources */ = {isa = PBXBuildFile; fileRef = 8643203C2910135300BB2255 /* Assets.xcassets */; };
		864320402910135300BB2255 /* LaunchScreen.storyboard in Resources */ = {isa = PBXBuildFile; fileRef = 8643203E2910135300BB2255 /* LaunchScreen.storyboard */; };
		86432048291016EF00BB2255 /* VerdeController.swift in Sources */ = {isa = PBXBuildFile; fileRef = 86432047291016EF00BB2255 /* VerdeController.swift */; };
		8643204A29101C0E00BB2255 /* AmarilloController.swift in Sources */ = {isa = PBXBuildFile; fileRef = 8643204929101C0E00BB2255 /* AmarilloController.swift */; };
/* End PBXBuildFile section */

/* Begin PBXFileReference section */
		864320322910134C00BB2255 /* repaso.app */ = {isa = PBXFileReference; explicitFileType = wrapper.application; includeInIndex = 0; path = repaso.app; sourceTree = BUILT_PRODUCTS_DIR; };
		864320352910134C00BB2255 /* AppDelegate.swift */ = {isa = PBXFileReference; lastKnownFileType = sourcecode.swift; path = AppDelegate.swift; sourceTree = "<group>"; };
		864320372910134C00BB2255 /* ViewController.swift */ = {isa = PBXFileReference; lastKnownFileType = sourcecode.swift; path = ViewController.swift; sourceTree = "<group>"; };
		8643203A2910134C00BB2255 /* Base */ = {isa = PBXFileReference; lastKnownFileType = file.storyboard; name = Base; path = Base.lproj/Main.storyboard; sourceTree = "<group>"; };
		8643203C2910135300BB2255 /* Assets.xcassets */ = {isa = PBXFileReference; lastKnownFileType = folder.assetcatalog; path = Assets.xcassets; sourceTree = "<group>"; };
		8643203F2910135300BB2255 /* Base */ = {isa = PBXFileReference; lastKnownFileType = file.storyboard; name = Base; path = Base.lproj/LaunchScreen.storyboard; sourceTree = "<group>"; };
		864320412910135300BB2255 /* Info.plist */ = {isa = PBXFileReference; lastKnownFileType = text.plist.xml; path = Info.plist; sourceTree = "<group>"; };
		86432047291016EF00BB2255 /* VerdeController.swift */ = {isa = PBXFileReference; lastKnownFileType = sourcecode.swift; path = VerdeController.swift; sourceTree = "<group>"; };
		8643204929101C0E00BB2255 /* AmarilloController.swift */ = {isa = PBXFileReference; lastKnownFileType = sourcecode.swift; path = AmarilloController.swift; sourceTree = "<group>"; };
/* End PBXFileReference section */

/* Begin PBXFrameworksBuildPhase section */
		8643202F2910134B00BB2255 /* Frameworks */ = {
			isa = PBXFrameworksBuildPhase;
			buildActionMask = 2147483647;
			files = (
			);
			runOnlyForDeploymentPostprocessing = 0;
		};
/* End PBXFrameworksBuildPhase section */

/* Begin PBXGroup section */
		864320292910134B00BB2255 = {
			isa = PBXGroup;
			children = (
				864320342910134C00BB2255 /* repaso */,
				864320332910134C00BB2255 /* Products */,
			);
			sourceTree = "<group>";
		};
		864320332910134C00BB2255 /* Products */ = {
			isa = PBXGroup;
			children = (
				864320322910134C00BB2255 /* repaso.app */,
			);
			name = Products;
			sourceTree = "<group>";
		};
		864320342910134C00BB2255 /* repaso */ = {
			isa = PBXGroup;
			children = (
				864320352910134C00BB2255 /* AppDelegate.swift */,
				864320372910134C00BB2255 /* ViewController.swift */,
				864320392910134C00BB2255 /* Main.storyboard */,
				8643203C2910135300BB2255 /* Assets.xcassets */,
				8643203E2910135300BB2255 /* LaunchScreen.storyboard */,
				864320412910135300BB2255 /* Info.plist */,
				86432047291016EF00BB2255 /* VerdeController.swift */,
				8643204929101C0E00BB2255 /* AmarilloController.swift */,
			);
			path = repaso;
			sourceTree = "<group>";
		};
/* End PBXGroup section */

/* Begin PBXNativeTarget section */
		864320312910134B00BB2255 /* repaso */ = {
			isa = PBXNativeTarget;
			buildConfigurationList = 864320442910135300BB2255 /* Build configuration list for PBXNativeTarget "repaso" */;
			buildPhases = (
				8643202E2910134B00BB2255 /* Sources */,
				8643202F2910134B00BB2255 /* Frameworks */,
				864320302910134B00BB2255 /* Resources */,
			);
			buildRules = (
			);
			dependencies = (
			);
			name = repaso;
			productName = repaso;
			productReference = 864320322910134C00BB2255 /* repaso.app */;
			productType = "com.apple.product-type.application";
		};
/* End PBXNativeTarget section */

/* Begin PBXProject section */
		8643202A2910134B00BB2255 /* Project object */ = {
			isa = PBXProject;
			attributes = {
				LastSwiftUpdateCheck = 1030;
				LastUpgradeCheck = 1030;
				ORGANIZATIONNAME = MaestroD1;
				TargetAttributes = {
					864320312910134B00BB2255 = {
						CreatedOnToolsVersion = 10.3;
					};
				};
			};
			buildConfigurationList = 8643202D2910134B00BB2255 /* Build configuration list for PBXProject "repaso" */;
			compatibilityVersion = "Xcode 9.3";
			developmentRegion = en;
			hasScannedForEncodings = 0;
			knownRegions = (
				en,
				Base,
			);
			mainGroup = 864320292910134B00BB2255;
			productRefGroup = 864320332910134C00BB2255 /* Products */;
			projectDirPath = "";
			projectRoot = "";
			targets = (
				864320312910134B00BB2255 /* repaso */,
			);
		};
/* End PBXProject section */

/* Begin PBXResourcesBuildPhase section */
		864320302910134B00BB2255 /* Resources */ = {
			isa = PBXResourcesBuildPhase;
			buildActionMask = 2147483647;
			files = (
				864320402910135300BB2255 /* LaunchScreen.storyboard in Resources */,
				8643203D2910135300BB2255 /* Assets.xcassets in Resources */,
				8643203B2910134C00BB2255 /* Main.storyboard in Resources */,
			);
			runOnlyForDeploymentPostprocessing = 0;
		};
/* End PBXResourcesBuildPhase section */

/* Begin PBXSourcesBuildPhase section */
		8643202E2910134B00BB2255 /* Sources */ = {
			isa = PBXSourcesBuildPhase;
			buildActionMask = 2147483647;
			files = (
				8643204A29101C0E00BB2255 /* AmarilloController.swift in Sources */,
				86432048291016EF00BB2255 /* VerdeController.swift in Sources */,
				864320382910134C00BB2255 /* ViewController.swift in Sources */,
				864320362910134C00BB2255 /* AppDelegate.swift in Sources */,
			);
			runOnlyForDeploymentPostprocessing = 0;
		};
/* End PBXSourcesBuildPhase section */

/* Begin PBXVariantGroup section */
		864320392910134C00BB2255 /* Main.storyboard */ = {
			isa = PBXVariantGroup;
			children = (
				8643203A2910134C00BB2255 /* Base */,
			);
			name = Main.storyboard;
			sourceTree = "<group>";
		};
		8643203E2910135300BB2255 /* LaunchScreen.storyboard */ = {
			isa = PBXVariantGroup;
			children = (
				8643203F2910135300BB2255 /* Base */,
			);
			name = LaunchScreen.storyboard;
			sourceTree = "<group>";
		};
/* End PBXVariantGroup section */

/* Begin XCBuildConfiguration section */
		864320422910135300BB2255 /* Debug */ = {
			isa = XCBuildConfiguration;
			buildSettings = {
				ALWAYS_SEARCH_USER_PATHS = NO;
				CLANG_ANALYZER_NONNULL = YES;
				CLANG_ANALYZER_NUMBER_OBJECT_CONVERSION = YES_AGGRESSIVE;
				CLANG_CXX_LANGUAGE_STANDARD = "gnu++14";
				CLANG_CXX_LIBRARY = "libc++";
				CLANG_ENABLE_MODULES = YES;
				CLANG_ENABLE_OBJC_ARC = YES;
				CLANG_ENABLE_OBJC_WEAK = YES;
				CLANG_WARN_BLOCK_CAPTURE_AUTORELEASING = YES;
				CLANG_WARN_BOOL_CONVERSION = YES;
				CLANG_WARN_COMMA = YES;
				CLANG_WARN_CONSTANT_CONVERSION = YES;
				CLANG_WARN_DEPRECATED_OBJC_IMPLEMENTATIONS = YES;
				CLANG_WARN_DIRECT_OBJC_ISA_USAGE = YES_ERROR;
				CLANG_WARN_DOCUMENTATION_COMMENTS = YES;
				CLANG_WARN_EMPTY_BODY = YES;
				CLANG_WARN_ENUM_CONVERSION = YES;
				CLANG_WARN_INFINITE_RECURSION = YES;
				CLANG_WARN_INT_CONVERSION = YES;
				CLANG_WARN_NON_LITERAL_NULL_CONVERSION = YES;
				CLANG_WARN_OBJC_IMPLICIT_RETAIN_SELF = YES;
				CLANG_WARN_OBJC_LITERAL_CONVERSION = YES;
				CLANG_WARN_OBJC_ROOT_CLASS = YES_ERROR;
				CLANG_WARN_RANGE_LOOP_ANALYSIS = YES;
				CLANG_WARN_STRICT_PROTOTYPES = YES;
				CLANG_WARN_SUSPICIOUS_MOVE = YES;
				CLANG_WARN_UNGUARDED_AVAILABILITY = YES_AGGRESSIVE;
				CLANG_WARN_UNREACHABLE_CODE = YES;
				CLANG_WARN__DUPLICATE_METHOD_MATCH = YES;
				CODE_SIGN_IDENTITY = "iPhone Developer";
				COPY_PHASE_STRIP = NO;
				DEBUG_INFORMATION_FORMAT = dwarf;
				ENABLE_STRICT_OBJC_MSGSEND = YES;
				ENABLE_TESTABILITY = YES;
				GCC_C_LANGUAGE_STANDARD = gnu11;
				GCC_DYNAMIC_NO_PIC = NO;
				GCC_NO_COMMON_BLOCKS = YES;
				GCC_OPTIMIZATION_LEVEL = 0;
				GCC_PREPROCESSOR_DEFINITIONS = (
					"DEBUG=1",
					"$(inherited)",
				);
				GCC_WARN_64_TO_32_BIT_CONVERSION = YES;
				GCC_WARN_ABOUT_RETURN_TYPE = YES_ERROR;
				GCC_WARN_UNDECLARED_SELECTOR = YES;
				GCC_WARN_UNINITIALIZED_AUTOS = YES_AGGRESSIVE;
				GCC_WARN_UNUSED_FUNCTION = YES;
				GCC_WARN_UNUSED_VARIABLE = YES;
				IPHONEOS_DEPLOYMENT_TARGET = 12.4;
				MTL_ENABLE_DEBUG_INFO = INCLUDE_SOURCE;
				MTL_FAST_MATH = YES;
				ONLY_ACTIVE_ARCH = YES;
				SDKROOT = iphoneos;
				SWIFT_ACTIVE_COMPILATION_CONDITIONS = DEBUG;
				SWIFT_OPTIMIZATION_LEVEL = "-Onone";
			};
			name = Debug;
		};
		864320432910135300BB2255 /* Release */ = {
			isa = XCBuildConfiguration;
			buildSettings = {
				ALWAYS_SEARCH_USER_PATHS = NO;
				CLANG_ANALYZER_NONNULL = YES;
				CLANG_ANALYZER_NUMBER_OBJECT_CONVERSION = YES_AGGRESSIVE;
				CLANG_CXX_LANGUAGE_STANDARD = "gnu++14";
				CLANG_CXX_LIBRARY = "libc++";
				CLANG_ENABLE_MODULES = YES;
				CLANG_ENABLE_OBJC_ARC = YES;
				CLANG_ENABLE_OBJC_WEAK = YES;
				CLANG_WARN_BLOCK_CAPTURE_AUTORELEASING = YES;
				CLANG_WARN_BOOL_CONVERSION = YES;
				CLANG_WARN_COMMA = YES;
				CLANG_WARN_CONSTANT_CONVERSION = YES;
				CLANG_WARN_DEPRECATED_OBJC_IMPLEMENTATIONS = YES;
				CLANG_WARN_DIRECT_OBJC_ISA_USAGE = YES_ERROR;
				CLANG_WARN_DOCUMENTATION_COMMENTS = YES;
				CLANG_WARN_EMPTY_BODY = YES;
				CLANG_WARN_ENUM_CONVERSION = YES;
				CLANG_WARN_INFINITE_RECURSION = YES;
				CLANG_WARN_INT_CONVERSION = YES;
				CLANG_WARN_NON_LITERAL_NULL_CONVERSION = YES;
				CLANG_WARN_OBJC_IMPLICIT_RETAIN_SELF = YES;
				CLANG_WARN_OBJC_LITERAL_CONVERSION = YES;
				CLANG_WARN_OBJC_ROOT_CLASS = YES_ERROR;
				CLANG_WARN_RANGE_LOOP_ANALYSIS = YES;
				CLANG_WARN_STRICT_PROTOTYPES = YES;
				CLANG_WARN_SUSPICIOUS_MOVE = YES;
				CLANG_WARN_UNGUARDED_AVAILABILITY = YES_AGGRESSIVE;
				CLANG_WARN_UNREACHABLE_CODE = YES;
				CLANG_WARN__DUPLICATE_METHOD_MATCH = YES;
				CODE_SIGN_IDENTITY = "iPhone Developer";
				COPY_PHASE_STRIP = NO;
				DEBUG_INFORMATION_FORMAT = "dwarf-with-dsym";
				ENABLE_NS_ASSERTIONS = NO;
				ENABLE_STRICT_OBJC_MSGSEND = YES;
				GCC_C_LANGUAGE_STANDARD = gnu11;
				GCC_NO_COMMON_BLOCKS = YES;
				GCC_WARN_64_TO_32_BIT_CONVERSION = YES;
				GCC_WARN_ABOUT_RETURN_TYPE = YES_ERROR;
				GCC_WARN_UNDECLARED_SELECTOR = YES;
				GCC_WARN_UNINITIALIZED_AUTOS = YES_AGGRESSIVE;
				GCC_WARN_UNUSED_FUNCTION = YES;
				GCC_WARN_UNUSED_VARIABLE = YES;
				IPHONEOS_DEPLOYMENT_TARGET = 12.4;
				MTL_ENABLE_DEBUG_INFO = NO;
				MTL_FAST_MATH = YES;
				SDKROOT = iphoneos;
				SWIFT_COMPILATION_MODE = wholemodule;
				SWIFT_OPTIMIZATION_LEVEL = "-O";
				VALIDATE_PRODUCT = YES;
			};
			name = Release;
		};
		864320452910135300BB2255 /* Debug */ = {
			isa = XCBuildConfiguration;
			buildSettings = {
				ASSETCATALOG_COMPILER_APPICON_NAME = AppIcon;
				CODE_SIGN_STYLE = Automatic;
				INFOPLIST_FILE = repaso/Info.plist;
				LD_RUNPATH_SEARCH_PATHS = (
					"$(inherited)",
					"@executable_path/Frameworks",
				);
				PRODUCT_BUNDLE_IDENTIFIER = edu.ulsa.repaso;
				PRODUCT_NAME = "$(TARGET_NAME)";
				SWIFT_VERSION = 5.0;
				TARGETED_DEVICE_FAMILY = "1,2";
			};
			name = Debug;
		};
		864320462910135300BB2255 /* Release */ = {
			isa = XCBuildConfiguration;
			buildSettings = {
				ASSETCATALOG_COMPILER_APPICON_NAME = AppIcon;
				CODE_SIGN_STYLE = Automatic;
				INFOPLIST_FILE = repaso/Info.plist;
				LD_RUNPATH_SEARCH_PATHS = (
					"$(inherited)",
					"@executable_path/Frameworks",
				);
				PRODUCT_BUNDLE_IDENTIFIER = edu.ulsa.repaso;
				PRODUCT_NAME = "$(TARGET_NAME)";
				SWIFT_VERSION = 5.0;
				TARGETED_DEVICE_FAMILY = "1,2";
			};
			name = Release;
		};
/* End XCBuildConfiguration section */

/* Begin XCConfigurationList section */
		8643202D2910134B00BB2255 /* Build configuration list for PBXProject "repaso" */ = {
			isa = XCConfigurationList;
			buildConfigurations = (
				864320422910135300BB2255 /* Debug */,
				864320432910135300BB2255 /* Release */,
			);
			defaultConfigurationIsVisible = 0;
			defaultConfigurationName = Release;
		};
		864320442910135300BB2255 /* Build configuration list for PBXNativeTarget "repaso" */ = {
			isa = XCConfigurationList;
			buildConfigurations = (
				864320452910135300BB2255 /* Debug */,
				864320462910135300BB2255 /* Release */,
			);
			defaultConfigurationIsVisible = 0;
			defaultConfigurationName = Release;
		};
/* End XCConfigurationList section */
	};
	rootObject = 8643202A2910134B00BB2255 /* Project object */;
}
